
Microsoft Visual Studio Solution File, Format Version 12.00
# Visual Studio 15
VisualStudioVersion = 15.0.27130.2027
MinimumVisualStudioVersion = 10.0.40219.1
Project("{9A19103F-16F7-4668-BE54-9A1E7A4F7556}") = "project-euler", "project-euler.csproj", "{F2B76C79-8755-49A8-8874-5A985A2FFCC7}"
EndProject
Global
	GlobalSection(SolutionConfigurationPlatforms) = preSolution
		Debug|Any CPU = Debug|Any CPU
		Release|Any CPU = Release|Any CPU
	EndGlobalSection
	GlobalSection(ProjectConfigurationPlatforms) = postSolution
		{F2B76C79-8755-49A8-8874-5A985A2FFCC7}.Debug|Any CPU.ActiveCfg = Debug|Any CPU
		{F2B76C79-8755-49A8-8874-5A985A2FFCC7}.Debug|Any CPU.Build.0 = Debug|Any CPU
		{F2B76C79-8755-49A8-8874-5A985A2FFCC7}.Release|Any CPU.ActiveCfg = Release|Any CPU
		{F2B76C79-8755-49A8-8874-5A985A2FFCC7}.Release|Any CPU.Build.0 = Release|Any CPU
	EndGlobalSection
	GlobalSection(SolutionProperties) = preSolution
		HideSolutionNode = FALSE
	EndGlobalSection
	GlobalSection(ExtensibilityGlobals) = postSolution
		SolutionGuid = {F1199FD8-2FBB-43D2-8201-D65F3343A9D8}
	EndGlobalSection
EndGlobal
